// !$*UTF8*$!
{
	archiveVersion = 1;
	classes = {
	};
	objectVersion = 50;
	objects = {

/* Begin PBXBuildFile section */
		631E3C5B25EEB26B004A9852 /* AllowLocationSettingsView.swift in Sources */ = {isa = PBXBuildFile; fileRef = 631E3C5A25EEB26B004A9852 /* AllowLocationSettingsView.swift */; };
		631E3C6525F4D58A004A9852 /* ScreenHider.swift in Sources */ = {isa = PBXBuildFile; fileRef = 631E3C6425F4D58A004A9852 /* ScreenHider.swift */; };
		631E3C6825F4DE45004A9852 /* ScreenHider.swift in Sources */ = {isa = PBXBuildFile; fileRef = 631E3C6425F4D58A004A9852 /* ScreenHider.swift */; };
		631E3C6E25FA7B9D004A9852 /* KeepOnWarningView.swift in Sources */ = {isa = PBXBuildFile; fileRef = 631E3C6D25FA7B9D004A9852 /* KeepOnWarningView.swift */; };
		6326E30B25CF0EC70097009D /* AlarmController.swift in Sources */ = {isa = PBXBuildFile; fileRef = 6326E30A25CF0EC70097009D /* AlarmController.swift */; };
		6326E30F25CF1BD20097009D /* SunriseData.swift in Sources */ = {isa = PBXBuildFile; fileRef = 6326E30E25CF1BD20097009D /* SunriseData.swift */; };
		6326E31525D317640097009D /* LoadingView.swift in Sources */ = {isa = PBXBuildFile; fileRef = 6326E31425D317640097009D /* LoadingView.swift */; };
		6326E31F25D3CAD20097009D /* WeatherAPIError.swift in Sources */ = {isa = PBXBuildFile; fileRef = 6326E31E25D3CAD20097009D /* WeatherAPIError.swift */; };
		6326E32225D3CBDC0097009D /* Astronomy.swift in Sources */ = {isa = PBXBuildFile; fileRef = 6326E32125D3CBDC0097009D /* Astronomy.swift */; };
		6326E32525D3CBF40097009D /* Astro.swift in Sources */ = {isa = PBXBuildFile; fileRef = 6326E32425D3CBF40097009D /* Astro.swift */; };
		6331BB1525DC313A0027F3EC /* DawnLightTests.swift in Sources */ = {isa = PBXBuildFile; fileRef = 6331BB1425DC313A0027F3EC /* DawnLightTests.swift */; };
		6331BB1E25DC31FD0027F3EC /* HomeViewModel.swift in Sources */ = {isa = PBXBuildFile; fileRef = 63C4BD2B25B5BD6B00B4C6E2 /* HomeViewModel.swift */; };
		6331BB2125DC348B0027F3EC /* SettingsModel.swift in Sources */ = {isa = PBXBuildFile; fileRef = 63901DD325B74FE8002B3A33 /* SettingsModel.swift */; };
		6331BB2425DC34A40027F3EC /* StringConstants.swift in Sources */ = {isa = PBXBuildFile; fileRef = 63C4BD1125B5BA0600B4C6E2 /* StringConstants.swift */; };
		6331BB2725DC34B00027F3EC /* WeatherAPI.swift in Sources */ = {isa = PBXBuildFile; fileRef = 63C4BD3225B5D7D600B4C6E2 /* WeatherAPI.swift */; };
		6331BB2A25DC34B30027F3EC /* WeatherAPIError.swift in Sources */ = {isa = PBXBuildFile; fileRef = 6326E31E25D3CAD20097009D /* WeatherAPIError.swift */; };
		6331BB3D25DC34CE0027F3EC /* SunriseData.swift in Sources */ = {isa = PBXBuildFile; fileRef = 6326E30E25CF1BD20097009D /* SunriseData.swift */; };
		6331BB3E25DC34CE0027F3EC /* Astronomy.swift in Sources */ = {isa = PBXBuildFile; fileRef = 6326E32125D3CBDC0097009D /* Astronomy.swift */; };
		6331BB3F25DC34CE0027F3EC /* Astro.swift in Sources */ = {isa = PBXBuildFile; fileRef = 6326E32425D3CBF40097009D /* Astro.swift */; };
		6331BB4025DC34CE0027F3EC /* WeatherData.swift in Sources */ = {isa = PBXBuildFile; fileRef = 63901DD925BC7A12002B3A33 /* WeatherData.swift */; };
		6331BB4525DC357C0027F3EC /* PaddingLeft.swift in Sources */ = {isa = PBXBuildFile; fileRef = 63C4BD1525B5BA0600B4C6E2 /* PaddingLeft.swift */; };
		6331BB4625DC357C0027F3EC /* JSONDecoder.swift in Sources */ = {isa = PBXBuildFile; fileRef = 63C4BD1225B5BA0600B4C6E2 /* JSONDecoder.swift */; };
		6331BB4725DC357C0027F3EC /* TimeInterval.swift in Sources */ = {isa = PBXBuildFile; fileRef = 63C4BD1A25B5BA0600B4C6E2 /* TimeInterval.swift */; };
		6331BB4925DC357C0027F3EC /* LeftPad.swift in Sources */ = {isa = PBXBuildFile; fileRef = 63C4BD0F25B5BA0600B4C6E2 /* LeftPad.swift */; };
		6331BB4A25DC357C0027F3EC /* MPVolumeView.swift in Sources */ = {isa = PBXBuildFile; fileRef = 63322A4125CAE1A7006C7A2D /* MPVolumeView.swift */; };
		6331BB4B25DC357C0027F3EC /* Notifications.swift in Sources */ = {isa = PBXBuildFile; fileRef = 63C4BD1725B5BA0600B4C6E2 /* Notifications.swift */; };
		6331BB4C25DC357C0027F3EC /* CGFunctions.swift in Sources */ = {isa = PBXBuildFile; fileRef = 63C4BD1925B5BA0600B4C6E2 /* CGFunctions.swift */; };
		6331BB4D25DC357C0027F3EC /* LocationManager.swift in Sources */ = {isa = PBXBuildFile; fileRef = 63C4BD2E25B5CB7A00B4C6E2 /* LocationManager.swift */; };
		6331BB5025DC357C0027F3EC /* AlarmController.swift in Sources */ = {isa = PBXBuildFile; fileRef = 6326E30A25CF0EC70097009D /* AlarmController.swift */; };
		6331BB6225DFC9020027F3EC /* EarlyRiser.mp3 in Resources */ = {isa = PBXBuildFile; fileRef = 6331BB5F25DFC9020027F3EC /* EarlyRiser.mp3 */; };
		6331BB6325DFC9020027F3EC /* Daybreak.mp3 in Resources */ = {isa = PBXBuildFile; fileRef = 6331BB6025DFC9020027F3EC /* Daybreak.mp3 */; };
		6331BB6425DFC9020027F3EC /* SlowMorning.mp3 in Resources */ = {isa = PBXBuildFile; fileRef = 6331BB6125DFC9020027F3EC /* SlowMorning.mp3 */; };
		6331BB6925DFC90F0027F3EC /* Freshstart.mp3 in Resources */ = {isa = PBXBuildFile; fileRef = 6331BB6725DFC90F0027F3EC /* Freshstart.mp3 */; };
		6331BB6A25DFC90F0027F3EC /* MorningBirds.mp3 in Resources */ = {isa = PBXBuildFile; fileRef = 6331BB6825DFC90F0027F3EC /* MorningBirds.mp3 */; };
		6331BB7225DFC9170027F3EC /* Happyday.mp3 in Resources */ = {isa = PBXBuildFile; fileRef = 6331BB6D25DFC9160027F3EC /* Happyday.mp3 */; };
		6331BB7325DFC9170027F3EC /* Ping1.mp3 in Resources */ = {isa = PBXBuildFile; fileRef = 6331BB6E25DFC9160027F3EC /* Ping1.mp3 */; };
		6331BB7425DFC9170027F3EC /* Softchime.mp3 in Resources */ = {isa = PBXBuildFile; fileRef = 6331BB6F25DFC9170027F3EC /* Softchime.mp3 */; };
		6331BB7525DFC9170027F3EC /* Auratone.mp3 in Resources */ = {isa = PBXBuildFile; fileRef = 6331BB7025DFC9170027F3EC /* Auratone.mp3 */; };
		6331BB7625DFC9170027F3EC /* Ping2.mp3 in Resources */ = {isa = PBXBuildFile; fileRef = 6331BB7125DFC9170027F3EC /* Ping2.mp3 */; };
		6331BB8625E40F420027F3EC /* Alarm.swift in Sources */ = {isa = PBXBuildFile; fileRef = 6331BB8525E40F420027F3EC /* Alarm.swift */; };
		6331BB8A25E41E750027F3EC /* AlarmPicker.swift in Sources */ = {isa = PBXBuildFile; fileRef = 6331BB8925E41E750027F3EC /* AlarmPicker.swift */; };
		6331BB8D25E4234A0027F3EC /* Alarm.swift in Sources */ = {isa = PBXBuildFile; fileRef = 6331BB8525E40F420027F3EC /* Alarm.swift */; };
		6331BB9725EA82E50027F3EC /* GoodNightView.swift in Sources */ = {isa = PBXBuildFile; fileRef = 6331BB9625EA82E50027F3EC /* GoodNightView.swift */; };
		63322A4225CAE1A7006C7A2D /* MPVolumeView.swift in Sources */ = {isa = PBXBuildFile; fileRef = 63322A4125CAE1A7006C7A2D /* MPVolumeView.swift */; };
		63694A9626008622008A8703 /* AppStoreReviewPrompt.swift in Sources */ = {isa = PBXBuildFile; fileRef = 63694A9526008622008A8703 /* AppStoreReviewPrompt.swift */; };
		63901DD425B74FE8002B3A33 /* SettingsModel.swift in Sources */ = {isa = PBXBuildFile; fileRef = 63901DD325B74FE8002B3A33 /* SettingsModel.swift */; };
		63901DDA25BC7A12002B3A33 /* WeatherData.swift in Sources */ = {isa = PBXBuildFile; fileRef = 63901DD925BC7A12002B3A33 /* WeatherData.swift */; };
		63901DDF25BC7B45002B3A33 /* SettingsView.swift in Sources */ = {isa = PBXBuildFile; fileRef = 63901DDE25BC7B45002B3A33 /* SettingsView.swift */; };
		63901DE625BC7DA1002B3A33 /* HomeView.swift in Sources */ = {isa = PBXBuildFile; fileRef = 63901DE525BC7DA1002B3A33 /* HomeView.swift */; };
		63901DEA25BC8F7F002B3A33 /* FantasyVillage.mp3 in Resources */ = {isa = PBXBuildFile; fileRef = 63901DE925BC8F7F002B3A33 /* FantasyVillage.mp3 */; };
		63C4BCFA25B5B19500B4C6E2 /* DawnLightApp.swift in Sources */ = {isa = PBXBuildFile; fileRef = 63C4BCF925B5B19500B4C6E2 /* DawnLightApp.swift */; };
		63C4BCFC25B5B19500B4C6E2 /* MainView.swift in Sources */ = {isa = PBXBuildFile; fileRef = 63C4BCFB25B5B19500B4C6E2 /* MainView.swift */; };
		63C4BCFE25B5B19600B4C6E2 /* Assets.xcassets in Resources */ = {isa = PBXBuildFile; fileRef = 63C4BCFD25B5B19600B4C6E2 /* Assets.xcassets */; };
		63C4BD0125B5B19600B4C6E2 /* Preview Assets.xcassets in Resources */ = {isa = PBXBuildFile; fileRef = 63C4BD0025B5B19600B4C6E2 /* Preview Assets.xcassets */; };
		63C4BD1B25B5BA0600B4C6E2 /* LeftPad.swift in Sources */ = {isa = PBXBuildFile; fileRef = 63C4BD0F25B5BA0600B4C6E2 /* LeftPad.swift */; };
		63C4BD1C25B5BA0600B4C6E2 /* StringConstants.swift in Sources */ = {isa = PBXBuildFile; fileRef = 63C4BD1125B5BA0600B4C6E2 /* StringConstants.swift */; };
		63C4BD1D25B5BA0600B4C6E2 /* JSONDecoder.swift in Sources */ = {isa = PBXBuildFile; fileRef = 63C4BD1225B5BA0600B4C6E2 /* JSONDecoder.swift */; };
		63C4BD1F25B5BA0600B4C6E2 /* PaddingLeft.swift in Sources */ = {isa = PBXBuildFile; fileRef = 63C4BD1525B5BA0600B4C6E2 /* PaddingLeft.swift */; };
		63C4BD2125B5BA0600B4C6E2 /* Notifications.swift in Sources */ = {isa = PBXBuildFile; fileRef = 63C4BD1725B5BA0600B4C6E2 /* Notifications.swift */; };
		63C4BD2325B5BA0600B4C6E2 /* CGFunctions.swift in Sources */ = {isa = PBXBuildFile; fileRef = 63C4BD1925B5BA0600B4C6E2 /* CGFunctions.swift */; };
		63C4BD2425B5BA0600B4C6E2 /* TimeInterval.swift in Sources */ = {isa = PBXBuildFile; fileRef = 63C4BD1A25B5BA0600B4C6E2 /* TimeInterval.swift */; };
		63C4BD2925B5BA3A00B4C6E2 /* CapsuleButtonStyle.swift in Sources */ = {isa = PBXBuildFile; fileRef = 63C4BD2825B5BA3A00B4C6E2 /* CapsuleButtonStyle.swift */; };
		63C4BD2C25B5BD6B00B4C6E2 /* HomeViewModel.swift in Sources */ = {isa = PBXBuildFile; fileRef = 63C4BD2B25B5BD6B00B4C6E2 /* HomeViewModel.swift */; };
		63C4BD2F25B5CB7A00B4C6E2 /* LocationManager.swift in Sources */ = {isa = PBXBuildFile; fileRef = 63C4BD2E25B5CB7A00B4C6E2 /* LocationManager.swift */; };
		63C4BD3325B5D7D600B4C6E2 /* WeatherAPI.swift in Sources */ = {isa = PBXBuildFile; fileRef = 63C4BD3225B5D7D600B4C6E2 /* WeatherAPI.swift */; };
/* End PBXBuildFile section */

/* Begin PBXContainerItemProxy section */
		6331BB1725DC313A0027F3EC /* PBXContainerItemProxy */ = {
			isa = PBXContainerItemProxy;
			containerPortal = 63C4BCEE25B5B19500B4C6E2 /* Project object */;
			proxyType = 1;
			remoteGlobalIDString = 63C4BCF525B5B19500B4C6E2;
			remoteInfo = DawnLight;
		};
/* End PBXContainerItemProxy section */

/* Begin PBXFileReference section */
		631E3C5A25EEB26B004A9852 /* AllowLocationSettingsView.swift */ = {isa = PBXFileReference; lastKnownFileType = sourcecode.swift; path = AllowLocationSettingsView.swift; sourceTree = "<group>"; };
		631E3C6425F4D58A004A9852 /* ScreenHider.swift */ = {isa = PBXFileReference; lastKnownFileType = sourcecode.swift; path = ScreenHider.swift; sourceTree = "<group>"; };
		631E3C6D25FA7B9D004A9852 /* KeepOnWarningView.swift */ = {isa = PBXFileReference; lastKnownFileType = sourcecode.swift; path = KeepOnWarningView.swift; sourceTree = "<group>"; };
		6326E30A25CF0EC70097009D /* AlarmController.swift */ = {isa = PBXFileReference; lastKnownFileType = sourcecode.swift; path = AlarmController.swift; sourceTree = "<group>"; };
		6326E30E25CF1BD20097009D /* SunriseData.swift */ = {isa = PBXFileReference; lastKnownFileType = sourcecode.swift; path = SunriseData.swift; sourceTree = "<group>"; };
		6326E31425D317640097009D /* LoadingView.swift */ = {isa = PBXFileReference; lastKnownFileType = sourcecode.swift; path = LoadingView.swift; sourceTree = "<group>"; };
		6326E31E25D3CAD20097009D /* WeatherAPIError.swift */ = {isa = PBXFileReference; lastKnownFileType = sourcecode.swift; path = WeatherAPIError.swift; sourceTree = "<group>"; };
		6326E32125D3CBDC0097009D /* Astronomy.swift */ = {isa = PBXFileReference; lastKnownFileType = sourcecode.swift; path = Astronomy.swift; sourceTree = "<group>"; };
		6326E32425D3CBF40097009D /* Astro.swift */ = {isa = PBXFileReference; lastKnownFileType = sourcecode.swift; path = Astro.swift; sourceTree = "<group>"; };
		6331BB1225DC313A0027F3EC /* DawnLightTests.xctest */ = {isa = PBXFileReference; explicitFileType = wrapper.cfbundle; includeInIndex = 0; path = DawnLightTests.xctest; sourceTree = BUILT_PRODUCTS_DIR; };
		6331BB1425DC313A0027F3EC /* DawnLightTests.swift */ = {isa = PBXFileReference; lastKnownFileType = sourcecode.swift; path = DawnLightTests.swift; sourceTree = "<group>"; };
		6331BB1625DC313A0027F3EC /* Info.plist */ = {isa = PBXFileReference; lastKnownFileType = text.plist.xml; path = Info.plist; sourceTree = "<group>"; };
		6331BB5F25DFC9020027F3EC /* EarlyRiser.mp3 */ = {isa = PBXFileReference; lastKnownFileType = audio.mp3; path = EarlyRiser.mp3; sourceTree = "<group>"; };
		6331BB6025DFC9020027F3EC /* Daybreak.mp3 */ = {isa = PBXFileReference; lastKnownFileType = audio.mp3; path = Daybreak.mp3; sourceTree = "<group>"; };
		6331BB6125DFC9020027F3EC /* SlowMorning.mp3 */ = {isa = PBXFileReference; lastKnownFileType = audio.mp3; path = SlowMorning.mp3; sourceTree = "<group>"; };
		6331BB6725DFC90F0027F3EC /* Freshstart.mp3 */ = {isa = PBXFileReference; lastKnownFileType = audio.mp3; path = Freshstart.mp3; sourceTree = "<group>"; };
		6331BB6825DFC90F0027F3EC /* MorningBirds.mp3 */ = {isa = PBXFileReference; lastKnownFileType = audio.mp3; path = MorningBirds.mp3; sourceTree = "<group>"; };
		6331BB6D25DFC9160027F3EC /* Happyday.mp3 */ = {isa = PBXFileReference; lastKnownFileType = audio.mp3; path = Happyday.mp3; sourceTree = "<group>"; };
		6331BB6E25DFC9160027F3EC /* Ping1.mp3 */ = {isa = PBXFileReference; lastKnownFileType = audio.mp3; path = Ping1.mp3; sourceTree = "<group>"; };
		6331BB6F25DFC9170027F3EC /* Softchime.mp3 */ = {isa = PBXFileReference; lastKnownFileType = audio.mp3; path = Softchime.mp3; sourceTree = "<group>"; };
		6331BB7025DFC9170027F3EC /* Auratone.mp3 */ = {isa = PBXFileReference; lastKnownFileType = audio.mp3; path = Auratone.mp3; sourceTree = "<group>"; };
		6331BB7125DFC9170027F3EC /* Ping2.mp3 */ = {isa = PBXFileReference; lastKnownFileType = audio.mp3; path = Ping2.mp3; sourceTree = "<group>"; };
		6331BB8525E40F420027F3EC /* Alarm.swift */ = {isa = PBXFileReference; lastKnownFileType = sourcecode.swift; path = Alarm.swift; sourceTree = "<group>"; };
		6331BB8925E41E750027F3EC /* AlarmPicker.swift */ = {isa = PBXFileReference; lastKnownFileType = sourcecode.swift; path = AlarmPicker.swift; sourceTree = "<group>"; };
		6331BB9625EA82E50027F3EC /* GoodNightView.swift */ = {isa = PBXFileReference; lastKnownFileType = sourcecode.swift; path = GoodNightView.swift; sourceTree = "<group>"; };
		63322A4125CAE1A7006C7A2D /* MPVolumeView.swift */ = {isa = PBXFileReference; lastKnownFileType = sourcecode.swift; path = MPVolumeView.swift; sourceTree = "<group>"; };
		63694A9526008622008A8703 /* AppStoreReviewPrompt.swift */ = {isa = PBXFileReference; lastKnownFileType = sourcecode.swift; path = AppStoreReviewPrompt.swift; sourceTree = "<group>"; };
		63901DD325B74FE8002B3A33 /* SettingsModel.swift */ = {isa = PBXFileReference; lastKnownFileType = sourcecode.swift; path = SettingsModel.swift; sourceTree = "<group>"; };
		63901DD925BC7A12002B3A33 /* WeatherData.swift */ = {isa = PBXFileReference; lastKnownFileType = sourcecode.swift; path = WeatherData.swift; sourceTree = "<group>"; };
		63901DDE25BC7B45002B3A33 /* SettingsView.swift */ = {isa = PBXFileReference; lastKnownFileType = sourcecode.swift; path = SettingsView.swift; sourceTree = "<group>"; };
		63901DE525BC7DA1002B3A33 /* HomeView.swift */ = {isa = PBXFileReference; lastKnownFileType = sourcecode.swift; path = HomeView.swift; sourceTree = "<group>"; };
		63901DE925BC8F7F002B3A33 /* FantasyVillage.mp3 */ = {isa = PBXFileReference; lastKnownFileType = audio.mp3; path = FantasyVillage.mp3; sourceTree = "<group>"; };
		63C4BCF625B5B19500B4C6E2 /* DawnLight.app */ = {isa = PBXFileReference; explicitFileType = wrapper.application; includeInIndex = 0; path = DawnLight.app; sourceTree = BUILT_PRODUCTS_DIR; };
		63C4BCF925B5B19500B4C6E2 /* DawnLightApp.swift */ = {isa = PBXFileReference; lastKnownFileType = sourcecode.swift; path = DawnLightApp.swift; sourceTree = "<group>"; };
		63C4BCFB25B5B19500B4C6E2 /* MainView.swift */ = {isa = PBXFileReference; lastKnownFileType = sourcecode.swift; path = MainView.swift; sourceTree = "<group>"; };
		63C4BCFD25B5B19600B4C6E2 /* Assets.xcassets */ = {isa = PBXFileReference; lastKnownFileType = folder.assetcatalog; path = Assets.xcassets; sourceTree = "<group>"; };
		63C4BD0025B5B19600B4C6E2 /* Preview Assets.xcassets */ = {isa = PBXFileReference; lastKnownFileType = folder.assetcatalog; path = "Preview Assets.xcassets"; sourceTree = "<group>"; };
		63C4BD0225B5B19600B4C6E2 /* Info.plist */ = {isa = PBXFileReference; lastKnownFileType = text.plist.xml; path = Info.plist; sourceTree = "<group>"; };
		63C4BD0F25B5BA0600B4C6E2 /* LeftPad.swift */ = {isa = PBXFileReference; fileEncoding = 4; lastKnownFileType = sourcecode.swift; path = LeftPad.swift; sourceTree = "<group>"; };
		63C4BD1125B5BA0600B4C6E2 /* StringConstants.swift */ = {isa = PBXFileReference; fileEncoding = 4; lastKnownFileType = sourcecode.swift; path = StringConstants.swift; sourceTree = "<group>"; };
		63C4BD1225B5BA0600B4C6E2 /* JSONDecoder.swift */ = {isa = PBXFileReference; fileEncoding = 4; lastKnownFileType = sourcecode.swift; path = JSONDecoder.swift; sourceTree = "<group>"; };
		63C4BD1525B5BA0600B4C6E2 /* PaddingLeft.swift */ = {isa = PBXFileReference; fileEncoding = 4; lastKnownFileType = sourcecode.swift; path = PaddingLeft.swift; sourceTree = "<group>"; };
		63C4BD1725B5BA0600B4C6E2 /* Notifications.swift */ = {isa = PBXFileReference; fileEncoding = 4; lastKnownFileType = sourcecode.swift; path = Notifications.swift; sourceTree = "<group>"; };
		63C4BD1925B5BA0600B4C6E2 /* CGFunctions.swift */ = {isa = PBXFileReference; fileEncoding = 4; lastKnownFileType = sourcecode.swift; path = CGFunctions.swift; sourceTree = "<group>"; };
		63C4BD1A25B5BA0600B4C6E2 /* TimeInterval.swift */ = {isa = PBXFileReference; fileEncoding = 4; lastKnownFileType = sourcecode.swift; path = TimeInterval.swift; sourceTree = "<group>"; };
		63C4BD2825B5BA3A00B4C6E2 /* CapsuleButtonStyle.swift */ = {isa = PBXFileReference; lastKnownFileType = sourcecode.swift; path = CapsuleButtonStyle.swift; sourceTree = "<group>"; };
		63C4BD2B25B5BD6B00B4C6E2 /* HomeViewModel.swift */ = {isa = PBXFileReference; lastKnownFileType = sourcecode.swift; path = HomeViewModel.swift; sourceTree = "<group>"; };
		63C4BD2E25B5CB7A00B4C6E2 /* LocationManager.swift */ = {isa = PBXFileReference; lastKnownFileType = sourcecode.swift; path = LocationManager.swift; sourceTree = "<group>"; };
		63C4BD3225B5D7D600B4C6E2 /* WeatherAPI.swift */ = {isa = PBXFileReference; lastKnownFileType = sourcecode.swift; path = WeatherAPI.swift; sourceTree = "<group>"; };
/* End PBXFileReference section */

/* Begin PBXFrameworksBuildPhase section */
		6331BB0F25DC313A0027F3EC /* Frameworks */ = {
			isa = PBXFrameworksBuildPhase;
			buildActionMask = 2147483647;
			files = (
			);
			runOnlyForDeploymentPostprocessing = 0;
		};
		63C4BCF325B5B19500B4C6E2 /* Frameworks */ = {
			isa = PBXFrameworksBuildPhase;
			buildActionMask = 2147483647;
			files = (
			);
			runOnlyForDeploymentPostprocessing = 0;
		};
/* End PBXFrameworksBuildPhase section */

/* Begin PBXGroup section */
		6326E30925CF0EB20097009D /* Helpers */ = {
			isa = PBXGroup;
			children = (
				63C4BD0E25B5BA0600B4C6E2 /* Shared */,
				63C4BD2E25B5CB7A00B4C6E2 /* LocationManager.swift */,
				6326E30A25CF0EC70097009D /* AlarmController.swift */,
				631E3C6425F4D58A004A9852 /* ScreenHider.swift */,
				63694A9526008622008A8703 /* AppStoreReviewPrompt.swift */,
			);
			path = Helpers;
			sourceTree = "<group>";
		};
		6326E31B25D3C6C90097009D /* Resources */ = {
			isa = PBXGroup;
			children = (
				6331BB5E25DFC8F50027F3EC /* Alarms */,
				63C4BCFD25B5B19600B4C6E2 /* Assets.xcassets */,
				63C4BD2625B5BA1400B4C6E2 /* Styles */,
			);
			path = Resources;
			sourceTree = "<group>";
		};
		6331BB1325DC313A0027F3EC /* DawnLightTests */ = {
			isa = PBXGroup;
			children = (
				6331BB1425DC313A0027F3EC /* DawnLightTests.swift */,
				6331BB1625DC313A0027F3EC /* Info.plist */,
			);
			path = DawnLightTests;
			sourceTree = "<group>";
		};
		6331BB5325DD9AE60027F3EC /* Supporting Views */ = {
			isa = PBXGroup;
			children = (
				6326E31425D317640097009D /* LoadingView.swift */,
				631E3C5A25EEB26B004A9852 /* AllowLocationSettingsView.swift */,
				631E3C6D25FA7B9D004A9852 /* KeepOnWarningView.swift */,
			);
			path = "Supporting Views";
			sourceTree = "<group>";
		};
		6331BB5425DD9AFF0027F3EC /* Settings */ = {
			isa = PBXGroup;
			children = (
				63901DDE25BC7B45002B3A33 /* SettingsView.swift */,
				6331BB8925E41E750027F3EC /* AlarmPicker.swift */,
			);
			path = Settings;
			sourceTree = "<group>";
		};
		6331BB5525DD9B070027F3EC /* Home */ = {
			isa = PBXGroup;
			children = (
				63901DE525BC7DA1002B3A33 /* HomeView.swift */,
				6331BB9625EA82E50027F3EC /* GoodNightView.swift */,
			);
			path = Home;
			sourceTree = "<group>";
		};
		6331BB5E25DFC8F50027F3EC /* Alarms */ = {
			isa = PBXGroup;
			children = (
				63901DE925BC8F7F002B3A33 /* FantasyVillage.mp3 */,
				6331BB7025DFC9170027F3EC /* Auratone.mp3 */,
				6331BB6D25DFC9160027F3EC /* Happyday.mp3 */,
				6331BB6E25DFC9160027F3EC /* Ping1.mp3 */,
				6331BB7125DFC9170027F3EC /* Ping2.mp3 */,
				6331BB6F25DFC9170027F3EC /* Softchime.mp3 */,
				6331BB6725DFC90F0027F3EC /* Freshstart.mp3 */,
				6331BB6825DFC90F0027F3EC /* MorningBirds.mp3 */,
				6331BB6025DFC9020027F3EC /* Daybreak.mp3 */,
				6331BB5F25DFC9020027F3EC /* EarlyRiser.mp3 */,
				6331BB6125DFC9020027F3EC /* SlowMorning.mp3 */,
			);
			path = Alarms;
			sourceTree = "<group>";
		};
		63901DDD25BC7B14002B3A33 /* Views */ = {
			isa = PBXGroup;
			children = (
				6331BB5525DD9B070027F3EC /* Home */,
				6331BB5425DD9AFF0027F3EC /* Settings */,
				6331BB5325DD9AE60027F3EC /* Supporting Views */,
				63C4BCFB25B5B19500B4C6E2 /* MainView.swift */,
			);
			path = Views;
			sourceTree = "<group>";
		};
		63C4BCED25B5B19500B4C6E2 = {
			isa = PBXGroup;
			children = (
				63C4BCF825B5B19500B4C6E2 /* DawnLight */,
				6331BB1325DC313A0027F3EC /* DawnLightTests */,
				63C4BCF725B5B19500B4C6E2 /* Products */,
			);
			sourceTree = "<group>";
		};
		63C4BCF725B5B19500B4C6E2 /* Products */ = {
			isa = PBXGroup;
			children = (
				63C4BCF625B5B19500B4C6E2 /* DawnLight.app */,
				6331BB1225DC313A0027F3EC /* DawnLightTests.xctest */,
			);
			name = Products;
			sourceTree = "<group>";
		};
		63C4BCF825B5B19500B4C6E2 /* DawnLight */ = {
			isa = PBXGroup;
			children = (
				6326E31B25D3C6C90097009D /* Resources */,
				6326E30925CF0EB20097009D /* Helpers */,
				63C4BD3125B5D7CC00B4C6E2 /* Services */,
				63901DDD25BC7B14002B3A33 /* Views */,
				63C4BD0C25B5B23F00B4C6E2 /* ViewModels */,
				63C4BD0B25B5B23900B4C6E2 /* Models */,
				63C4BCF925B5B19500B4C6E2 /* DawnLightApp.swift */,
				63C4BD0225B5B19600B4C6E2 /* Info.plist */,
				63C4BCFF25B5B19600B4C6E2 /* Preview Content */,
			);
			path = DawnLight;
			sourceTree = "<group>";
		};
		63C4BCFF25B5B19600B4C6E2 /* Preview Content */ = {
			isa = PBXGroup;
			children = (
				63C4BD0025B5B19600B4C6E2 /* Preview Assets.xcassets */,
			);
			path = "Preview Content";
			sourceTree = "<group>";
		};
		63C4BD0B25B5B23900B4C6E2 /* Models */ = {
			isa = PBXGroup;
			children = (
				63901DD925BC7A12002B3A33 /* WeatherData.swift */,
				6326E30E25CF1BD20097009D /* SunriseData.swift */,
				63901DD325B74FE8002B3A33 /* SettingsModel.swift */,
				6326E32125D3CBDC0097009D /* Astronomy.swift */,
				6326E32425D3CBF40097009D /* Astro.swift */,
				6331BB8525E40F420027F3EC /* Alarm.swift */,
			);
			path = Models;
			sourceTree = "<group>";
		};
		63C4BD0C25B5B23F00B4C6E2 /* ViewModels */ = {
			isa = PBXGroup;
			children = (
				63C4BD2B25B5BD6B00B4C6E2 /* HomeViewModel.swift */,
			);
			path = ViewModels;
			sourceTree = "<group>";
		};
		63C4BD0E25B5BA0600B4C6E2 /* Shared */ = {
			isa = PBXGroup;
			children = (
				63C4BD1025B5BA0600B4C6E2 /* Constants */,
				63C4BD1325B5BA0600B4C6E2 /* Extensions */,
				63C4BD0F25B5BA0600B4C6E2 /* LeftPad.swift */,
				63C4BD1225B5BA0600B4C6E2 /* JSONDecoder.swift */,
				63C4BD1725B5BA0600B4C6E2 /* Notifications.swift */,
				63C4BD1925B5BA0600B4C6E2 /* CGFunctions.swift */,
				63C4BD1A25B5BA0600B4C6E2 /* TimeInterval.swift */,
			);
			path = Shared;
			sourceTree = "<group>";
		};
		63C4BD1025B5BA0600B4C6E2 /* Constants */ = {
			isa = PBXGroup;
			children = (
				63C4BD1125B5BA0600B4C6E2 /* StringConstants.swift */,
			);
			path = Constants;
			sourceTree = "<group>";
		};
		63C4BD1325B5BA0600B4C6E2 /* Extensions */ = {
			isa = PBXGroup;
			children = (
				63C4BD1525B5BA0600B4C6E2 /* PaddingLeft.swift */,
				63322A4125CAE1A7006C7A2D /* MPVolumeView.swift */,
			);
			path = Extensions;
			sourceTree = "<group>";
		};
		63C4BD2625B5BA1400B4C6E2 /* Styles */ = {
			isa = PBXGroup;
			children = (
				63C4BD2725B5BA2300B4C6E2 /* ButtonStyles */,
			);
			path = Styles;
			sourceTree = "<group>";
		};
		63C4BD2725B5BA2300B4C6E2 /* ButtonStyles */ = {
			isa = PBXGroup;
			children = (
				63C4BD2825B5BA3A00B4C6E2 /* CapsuleButtonStyle.swift */,
			);
			path = ButtonStyles;
			sourceTree = "<group>";
		};
		63C4BD3125B5D7CC00B4C6E2 /* Services */ = {
			isa = PBXGroup;
			children = (
				63C4BD3225B5D7D600B4C6E2 /* WeatherAPI.swift */,
				6326E31E25D3CAD20097009D /* WeatherAPIError.swift */,
			);
			path = Services;
			sourceTree = "<group>";
		};
/* End PBXGroup section */

/* Begin PBXNativeTarget section */
		6331BB1125DC313A0027F3EC /* DawnLightTests */ = {
			isa = PBXNativeTarget;
			buildConfigurationList = 6331BB1B25DC313A0027F3EC /* Build configuration list for PBXNativeTarget "DawnLightTests" */;
			buildPhases = (
				6331BB0E25DC313A0027F3EC /* Sources */,
				6331BB0F25DC313A0027F3EC /* Frameworks */,
				6331BB1025DC313A0027F3EC /* Resources */,
			);
			buildRules = (
			);
			dependencies = (
				6331BB1825DC313A0027F3EC /* PBXTargetDependency */,
			);
			name = DawnLightTests;
			productName = DawnLightTests;
			productReference = 6331BB1225DC313A0027F3EC /* DawnLightTests.xctest */;
			productType = "com.apple.product-type.bundle.unit-test";
		};
		63C4BCF525B5B19500B4C6E2 /* DawnLight */ = {
			isa = PBXNativeTarget;
			buildConfigurationList = 63C4BD0525B5B19600B4C6E2 /* Build configuration list for PBXNativeTarget "DawnLight" */;
			buildPhases = (
				63C4BCF225B5B19500B4C6E2 /* Sources */,
				63C4BCF325B5B19500B4C6E2 /* Frameworks */,
				63C4BCF425B5B19500B4C6E2 /* Resources */,
			);
			buildRules = (
			);
			dependencies = (
			);
			name = DawnLight;
			productName = DawnLight;
			productReference = 63C4BCF625B5B19500B4C6E2 /* DawnLight.app */;
			productType = "com.apple.product-type.application";
		};
/* End PBXNativeTarget section */

/* Begin PBXProject section */
		63C4BCEE25B5B19500B4C6E2 /* Project object */ = {
			isa = PBXProject;
			attributes = {
				LastSwiftUpdateCheck = 1240;
				LastUpgradeCheck = 1230;
				TargetAttributes = {
					6331BB1125DC313A0027F3EC = {
						CreatedOnToolsVersion = 12.4;
						TestTargetID = 63C4BCF525B5B19500B4C6E2;
					};
					63C4BCF525B5B19500B4C6E2 = {
						CreatedOnToolsVersion = 12.3;
					};
				};
			};
			buildConfigurationList = 63C4BCF125B5B19500B4C6E2 /* Build configuration list for PBXProject "DawnLight" */;
			compatibilityVersion = "Xcode 9.3";
			developmentRegion = en;
			hasScannedForEncodings = 0;
			knownRegions = (
				en,
				Base,
			);
			mainGroup = 63C4BCED25B5B19500B4C6E2;
			productRefGroup = 63C4BCF725B5B19500B4C6E2 /* Products */;
			projectDirPath = "";
			projectRoot = "";
			targets = (
				63C4BCF525B5B19500B4C6E2 /* DawnLight */,
				6331BB1125DC313A0027F3EC /* DawnLightTests */,
			);
		};
/* End PBXProject section */

/* Begin PBXResourcesBuildPhase section */
		6331BB1025DC313A0027F3EC /* Resources */ = {
			isa = PBXResourcesBuildPhase;
			buildActionMask = 2147483647;
			files = (
			);
			runOnlyForDeploymentPostprocessing = 0;
		};
		63C4BCF425B5B19500B4C6E2 /* Resources */ = {
			isa = PBXResourcesBuildPhase;
			buildActionMask = 2147483647;
			files = (
				63C4BD0125B5B19600B4C6E2 /* Preview Assets.xcassets in Resources */,
				6331BB6325DFC9020027F3EC /* Daybreak.mp3 in Resources */,
				6331BB7425DFC9170027F3EC /* Softchime.mp3 in Resources */,
				6331BB6425DFC9020027F3EC /* SlowMorning.mp3 in Resources */,
				6331BB6925DFC90F0027F3EC /* Freshstart.mp3 in Resources */,
				6331BB7525DFC9170027F3EC /* Auratone.mp3 in Resources */,
				6331BB7625DFC9170027F3EC /* Ping2.mp3 in Resources */,
				6331BB7225DFC9170027F3EC /* Happyday.mp3 in Resources */,
				6331BB6A25DFC90F0027F3EC /* MorningBirds.mp3 in Resources */,
				63901DEA25BC8F7F002B3A33 /* FantasyVillage.mp3 in Resources */,
				6331BB6225DFC9020027F3EC /* EarlyRiser.mp3 in Resources */,
				6331BB7325DFC9170027F3EC /* Ping1.mp3 in Resources */,
				63C4BCFE25B5B19600B4C6E2 /* Assets.xcassets in Resources */,
			);
			runOnlyForDeploymentPostprocessing = 0;
		};
/* End PBXResourcesBuildPhase section */

/* Begin PBXSourcesBuildPhase section */
		6331BB0E25DC313A0027F3EC /* Sources */ = {
			isa = PBXSourcesBuildPhase;
			buildActionMask = 2147483647;
			files = (
				6331BB4625DC357C0027F3EC /* JSONDecoder.swift in Sources */,
				6331BB3E25DC34CE0027F3EC /* Astronomy.swift in Sources */,
				6331BB2425DC34A40027F3EC /* StringConstants.swift in Sources */,
				6331BB1525DC313A0027F3EC /* DawnLightTests.swift in Sources */,
				6331BB2725DC34B00027F3EC /* WeatherAPI.swift in Sources */,
				6331BB1E25DC31FD0027F3EC /* HomeViewModel.swift in Sources */,
				6331BB3F25DC34CE0027F3EC /* Astro.swift in Sources */,
				6331BB3D25DC34CE0027F3EC /* SunriseData.swift in Sources */,
				6331BB4C25DC357C0027F3EC /* CGFunctions.swift in Sources */,
				6331BB8D25E4234A0027F3EC /* Alarm.swift in Sources */,
				6331BB4925DC357C0027F3EC /* LeftPad.swift in Sources */,
				6331BB4725DC357C0027F3EC /* TimeInterval.swift in Sources */,
				6331BB5025DC357C0027F3EC /* AlarmController.swift in Sources */,
				6331BB2A25DC34B30027F3EC /* WeatherAPIError.swift in Sources */,
				6331BB4525DC357C0027F3EC /* PaddingLeft.swift in Sources */,
				6331BB4B25DC357C0027F3EC /* Notifications.swift in Sources */,
				631E3C6825F4DE45004A9852 /* ScreenHider.swift in Sources */,
				6331BB4A25DC357C0027F3EC /* MPVolumeView.swift in Sources */,
				6331BB4025DC34CE0027F3EC /* WeatherData.swift in Sources */,
				6331BB4D25DC357C0027F3EC /* LocationManager.swift in Sources */,
				6331BB2125DC348B0027F3EC /* SettingsModel.swift in Sources */,
			);
			runOnlyForDeploymentPostprocessing = 0;
		};
		63C4BCF225B5B19500B4C6E2 /* Sources */ = {
			isa = PBXSourcesBuildPhase;
			buildActionMask = 2147483647;
			files = (
				63C4BD1C25B5BA0600B4C6E2 /* StringConstants.swift in Sources */,
				6326E31F25D3CAD20097009D /* WeatherAPIError.swift in Sources */,
				6326E32525D3CBF40097009D /* Astro.swift in Sources */,
				63322A4225CAE1A7006C7A2D /* MPVolumeView.swift in Sources */,
				63C4BD2425B5BA0600B4C6E2 /* TimeInterval.swift in Sources */,
				63C4BD2325B5BA0600B4C6E2 /* CGFunctions.swift in Sources */,
				6331BB9725EA82E50027F3EC /* GoodNightView.swift in Sources */,
				631E3C6E25FA7B9D004A9852 /* KeepOnWarningView.swift in Sources */,
				63C4BD1B25B5BA0600B4C6E2 /* LeftPad.swift in Sources */,
				6326E32225D3CBDC0097009D /* Astronomy.swift in Sources */,
				6331BB8A25E41E750027F3EC /* AlarmPicker.swift in Sources */,
				6326E30B25CF0EC70097009D /* AlarmController.swift in Sources */,
				63C4BD1F25B5BA0600B4C6E2 /* PaddingLeft.swift in Sources */,
				63C4BD3325B5D7D600B4C6E2 /* WeatherAPI.swift in Sources */,
				631E3C6525F4D58A004A9852 /* ScreenHider.swift in Sources */,
				63C4BD2125B5BA0600B4C6E2 /* Notifications.swift in Sources */,
				63C4BD2C25B5BD6B00B4C6E2 /* HomeViewModel.swift in Sources */,
				631E3C5B25EEB26B004A9852 /* AllowLocationSettingsView.swift in Sources */,
				63901DD425B74FE8002B3A33 /* SettingsModel.swift in Sources */,
				63C4BD1D25B5BA0600B4C6E2 /* JSONDecoder.swift in Sources */,
				63C4BCFC25B5B19500B4C6E2 /* MainView.swift in Sources */,
				6331BB8625E40F420027F3EC /* Alarm.swift in Sources */,
				63901DE625BC7DA1002B3A33 /* HomeView.swift in Sources */,
				6326E31525D317640097009D /* LoadingView.swift in Sources */,
				63C4BCFA25B5B19500B4C6E2 /* DawnLightApp.swift in Sources */,
				63C4BD2F25B5CB7A00B4C6E2 /* LocationManager.swift in Sources */,
				63901DDA25BC7A12002B3A33 /* WeatherData.swift in Sources */,
				63694A9626008622008A8703 /* AppStoreReviewPrompt.swift in Sources */,
				63C4BD2925B5BA3A00B4C6E2 /* CapsuleButtonStyle.swift in Sources */,
				63901DDF25BC7B45002B3A33 /* SettingsView.swift in Sources */,
				6326E30F25CF1BD20097009D /* SunriseData.swift in Sources */,
			);
			runOnlyForDeploymentPostprocessing = 0;
		};
/* End PBXSourcesBuildPhase section */

/* Begin PBXTargetDependency section */
		6331BB1825DC313A0027F3EC /* PBXTargetDependency */ = {
			isa = PBXTargetDependency;
			target = 63C4BCF525B5B19500B4C6E2 /* DawnLight */;
			targetProxy = 6331BB1725DC313A0027F3EC /* PBXContainerItemProxy */;
		};
/* End PBXTargetDependency section */

/* Begin XCBuildConfiguration section */
		6331BB1925DC313A0027F3EC /* Debug */ = {
			isa = XCBuildConfiguration;
			buildSettings = {
				BUNDLE_LOADER = "$(TEST_HOST)";
				CODE_SIGN_STYLE = Automatic;
				DEVELOPMENT_TEAM = 45Z42MYT8F;
				INFOPLIST_FILE = DawnLightTests/Info.plist;
				IPHONEOS_DEPLOYMENT_TARGET = 14.4;
				LD_RUNPATH_SEARCH_PATHS = (
					"$(inherited)",
					"@executable_path/Frameworks",
					"@loader_path/Frameworks",
				);
				PRODUCT_BUNDLE_IDENTIFIER = com.vaclavikmartin.DawnLightTests;
				PRODUCT_NAME = "$(TARGET_NAME)";
				SWIFT_VERSION = 5.0;
				TARGETED_DEVICE_FAMILY = "1,2";
				TEST_HOST = "$(BUILT_PRODUCTS_DIR)/DawnLight.app/DawnLight";
			};
			name = Debug;
		};
		6331BB1A25DC313A0027F3EC /* Release */ = {
			isa = XCBuildConfiguration;
			buildSettings = {
				BUNDLE_LOADER = "$(TEST_HOST)";
				CODE_SIGN_STYLE = Automatic;
				DEVELOPMENT_TEAM = 45Z42MYT8F;
				INFOPLIST_FILE = DawnLightTests/Info.plist;
				IPHONEOS_DEPLOYMENT_TARGET = 14.4;
				LD_RUNPATH_SEARCH_PATHS = (
					"$(inherited)",
					"@executable_path/Frameworks",
					"@loader_path/Frameworks",
				);
				PRODUCT_BUNDLE_IDENTIFIER = com.vaclavikmartin.DawnLightTests;
				PRODUCT_NAME = "$(TARGET_NAME)";
				SWIFT_VERSION = 5.0;
				TARGETED_DEVICE_FAMILY = "1,2";
				TEST_HOST = "$(BUILT_PRODUCTS_DIR)/DawnLight.app/DawnLight";
			};
			name = Release;
		};
		63C4BD0325B5B19600B4C6E2 /* Debug */ = {
			isa = XCBuildConfiguration;
			buildSettings = {
				ALWAYS_SEARCH_USER_PATHS = NO;
				CLANG_ANALYZER_NONNULL = YES;
				CLANG_ANALYZER_NUMBER_OBJECT_CONVERSION = YES_AGGRESSIVE;
				CLANG_CXX_LANGUAGE_STANDARD = "gnu++14";
				CLANG_CXX_LIBRARY = "libc++";
				CLANG_ENABLE_MODULES = YES;
				CLANG_ENABLE_OBJC_ARC = YES;
				CLANG_ENABLE_OBJC_WEAK = YES;
				CLANG_WARN_BLOCK_CAPTURE_AUTORELEASING = YES;
				CLANG_WARN_BOOL_CONVERSION = YES;
				CLANG_WARN_COMMA = YES;
				CLANG_WARN_CONSTANT_CONVERSION = YES;
				CLANG_WARN_DEPRECATED_OBJC_IMPLEMENTATIONS = YES;
				CLANG_WARN_DIRECT_OBJC_ISA_USAGE = YES_ERROR;
				CLANG_WARN_DOCUMENTATION_COMMENTS = YES;
				CLANG_WARN_EMPTY_BODY = YES;
				CLANG_WARN_ENUM_CONVERSION = YES;
				CLANG_WARN_INFINITE_RECURSION = YES;
				CLANG_WARN_INT_CONVERSION = YES;
				CLANG_WARN_NON_LITERAL_NULL_CONVERSION = YES;
				CLANG_WARN_OBJC_IMPLICIT_RETAIN_SELF = YES;
				CLANG_WARN_OBJC_LITERAL_CONVERSION = YES;
				CLANG_WARN_OBJC_ROOT_CLASS = YES_ERROR;
				CLANG_WARN_QUOTED_INCLUDE_IN_FRAMEWORK_HEADER = YES;
				CLANG_WARN_RANGE_LOOP_ANALYSIS = YES;
				CLANG_WARN_STRICT_PROTOTYPES = YES;
				CLANG_WARN_SUSPICIOUS_MOVE = YES;
				CLANG_WARN_UNGUARDED_AVAILABILITY = YES_AGGRESSIVE;
				CLANG_WARN_UNREACHABLE_CODE = YES;
				CLANG_WARN__DUPLICATE_METHOD_MATCH = YES;
				COPY_PHASE_STRIP = NO;
				DEBUG_INFORMATION_FORMAT = dwarf;
				ENABLE_STRICT_OBJC_MSGSEND = YES;
				ENABLE_TESTABILITY = YES;
				GCC_C_LANGUAGE_STANDARD = gnu11;
				GCC_DYNAMIC_NO_PIC = NO;
				GCC_NO_COMMON_BLOCKS = YES;
				GCC_OPTIMIZATION_LEVEL = 0;
				GCC_PREPROCESSOR_DEFINITIONS = (
					"DEBUG=1",
					"$(inherited)",
				);
				GCC_WARN_64_TO_32_BIT_CONVERSION = YES;
				GCC_WARN_ABOUT_RETURN_TYPE = YES_ERROR;
				GCC_WARN_UNDECLARED_SELECTOR = YES;
				GCC_WARN_UNINITIALIZED_AUTOS = YES_AGGRESSIVE;
				GCC_WARN_UNUSED_FUNCTION = YES;
				GCC_WARN_UNUSED_VARIABLE = YES;
				IPHONEOS_DEPLOYMENT_TARGET = 14.3;
				MTL_ENABLE_DEBUG_INFO = INCLUDE_SOURCE;
				MTL_FAST_MATH = YES;
				ONLY_ACTIVE_ARCH = YES;
				SDKROOT = iphoneos;
				SWIFT_ACTIVE_COMPILATION_CONDITIONS = DEBUG;
				SWIFT_OPTIMIZATION_LEVEL = "-Onone";
			};
			name = Debug;
		};
		63C4BD0425B5B19600B4C6E2 /* Release */ = {
			isa = XCBuildConfiguration;
			buildSettings = {
				ALWAYS_SEARCH_USER_PATHS = NO;
				CLANG_ANALYZER_NONNULL = YES;
				CLANG_ANALYZER_NUMBER_OBJECT_CONVERSION = YES_AGGRESSIVE;
				CLANG_CXX_LANGUAGE_STANDARD = "gnu++14";
				CLANG_CXX_LIBRARY = "libc++";
				CLANG_ENABLE_MODULES = YES;
				CLANG_ENABLE_OBJC_ARC = YES;
				CLANG_ENABLE_OBJC_WEAK = YES;
				CLANG_WARN_BLOCK_CAPTURE_AUTORELEASING = YES;
				CLANG_WARN_BOOL_CONVERSION = YES;
				CLANG_WARN_COMMA = YES;
				CLANG_WARN_CONSTANT_CONVERSION = YES;
				CLANG_WARN_DEPRECATED_OBJC_IMPLEMENTATIONS = YES;
				CLANG_WARN_DIRECT_OBJC_ISA_USAGE = YES_ERROR;
				CLANG_WARN_DOCUMENTATION_COMMENTS = YES;
				CLANG_WARN_EMPTY_BODY = YES;
				CLANG_WARN_ENUM_CONVERSION = YES;
				CLANG_WARN_INFINITE_RECURSION = YES;
				CLANG_WARN_INT_CONVERSION = YES;
				CLANG_WARN_NON_LITERAL_NULL_CONVERSION = YES;
				CLANG_WARN_OBJC_IMPLICIT_RETAIN_SELF = YES;
				CLANG_WARN_OBJC_LITERAL_CONVERSION = YES;
				CLANG_WARN_OBJC_ROOT_CLASS = YES_ERROR;
				CLANG_WARN_QUOTED_INCLUDE_IN_FRAMEWORK_HEADER = YES;
				CLANG_WARN_RANGE_LOOP_ANALYSIS = YES;
				CLANG_WARN_STRICT_PROTOTYPES = YES;
				CLANG_WARN_SUSPICIOUS_MOVE = YES;
				CLANG_WARN_UNGUARDED_AVAILABILITY = YES_AGGRESSIVE;
				CLANG_WARN_UNREACHABLE_CODE = YES;
				CLANG_WARN__DUPLICATE_METHOD_MATCH = YES;
				COPY_PHASE_STRIP = NO;
				DEBUG_INFORMATION_FORMAT = "dwarf-with-dsym";
				ENABLE_NS_ASSERTIONS = NO;
				ENABLE_STRICT_OBJC_MSGSEND = YES;
				GCC_C_LANGUAGE_STANDARD = gnu11;
				GCC_NO_COMMON_BLOCKS = YES;
				GCC_WARN_64_TO_32_BIT_CONVERSION = YES;
				GCC_WARN_ABOUT_RETURN_TYPE = YES_ERROR;
				GCC_WARN_UNDECLARED_SELECTOR = YES;
				GCC_WARN_UNINITIALIZED_AUTOS = YES_AGGRESSIVE;
				GCC_WARN_UNUSED_FUNCTION = YES;
				GCC_WARN_UNUSED_VARIABLE = YES;
				IPHONEOS_DEPLOYMENT_TARGET = 14.3;
				MTL_ENABLE_DEBUG_INFO = NO;
				MTL_FAST_MATH = YES;
				SDKROOT = iphoneos;
				SWIFT_COMPILATION_MODE = wholemodule;
				SWIFT_OPTIMIZATION_LEVEL = "-O";
				VALIDATE_PRODUCT = YES;
			};
			name = Release;
		};
		63C4BD0625B5B19600B4C6E2 /* Debug */ = {
			isa = XCBuildConfiguration;
			buildSettings = {
				ASSETCATALOG_COMPILER_APPICON_NAME = AppIcon;
				ASSETCATALOG_COMPILER_GLOBAL_ACCENT_COLOR_NAME = AccentColor;
				CODE_SIGN_STYLE = Automatic;
				CURRENT_PROJECT_VERSION = 1;
				DEVELOPMENT_ASSET_PATHS = "\"DawnLight/Preview Content\"";
				DEVELOPMENT_TEAM = 45Z42MYT8F;
				ENABLE_PREVIEWS = YES;
				INFOPLIST_FILE = DawnLight/Info.plist;
				IPHONEOS_DEPLOYMENT_TARGET = 14.0;
				LD_RUNPATH_SEARCH_PATHS = (
					"$(inherited)",
					"@executable_path/Frameworks",
				);
				MARKETING_VERSION = 1.0.1;
				PRODUCT_BUNDLE_IDENTIFIER = com.vaclavikmartin.DawnLight;
				PRODUCT_NAME = "$(TARGET_NAME)";
				SWIFT_VERSION = 5.0;
				TARGETED_DEVICE_FAMILY = 1;
			};
			name = Debug;
		};
		63C4BD0725B5B19600B4C6E2 /* Release */ = {
			isa = XCBuildConfiguration;
			buildSettings = {
				ASSETCATALOG_COMPILER_APPICON_NAME = AppIcon;
				ASSETCATALOG_COMPILER_GLOBAL_ACCENT_COLOR_NAME = AccentColor;
				CODE_SIGN_STYLE = Automatic;
				CURRENT_PROJECT_VERSION = 1;
				DEVELOPMENT_ASSET_PATHS = "\"DawnLight/Preview Content\"";
				DEVELOPMENT_TEAM = 45Z42MYT8F;
				ENABLE_PREVIEWS = YES;
				INFOPLIST_FILE = DawnLight/Info.plist;
				IPHONEOS_DEPLOYMENT_TARGET = 14.0;
				LD_RUNPATH_SEARCH_PATHS = (
					"$(inherited)",
					"@executable_path/Frameworks",
				);
				MARKETING_VERSION = 1.0.1;
				PRODUCT_BUNDLE_IDENTIFIER = com.vaclavikmartin.DawnLight;
				PRODUCT_NAME = "$(TARGET_NAME)";
				SWIFT_VERSION = 5.0;
				TARGETED_DEVICE_FAMILY = 1;
			};
			name = Release;
		};
/* End XCBuildConfiguration section */

/* Begin XCConfigurationList section */
		6331BB1B25DC313A0027F3EC /* Build configuration list for PBXNativeTarget "DawnLightTests" */ = {
			isa = XCConfigurationList;
			buildConfigurations = (
				6331BB1925DC313A0027F3EC /* Debug */,
				6331BB1A25DC313A0027F3EC /* Release */,
			);
			defaultConfigurationIsVisible = 0;
			defaultConfigurationName = Release;
		};
		63C4BCF125B5B19500B4C6E2 /* Build configuration list for PBXProject "DawnLight" */ = {
			isa = XCConfigurationList;
			buildConfigurations = (
				63C4BD0325B5B19600B4C6E2 /* Debug */,
				63C4BD0425B5B19600B4C6E2 /* Release */,
			);
			defaultConfigurationIsVisible = 0;
			defaultConfigurationName = Release;
		};
		63C4BD0525B5B19600B4C6E2 /* Build configuration list for PBXNativeTarget "DawnLight" */ = {
			isa = XCConfigurationList;
			buildConfigurations = (
				63C4BD0625B5B19600B4C6E2 /* Debug */,
				63C4BD0725B5B19600B4C6E2 /* Release */,
			);
			defaultConfigurationIsVisible = 0;
			defaultConfigurationName = Release;
		};
/* End XCConfigurationList section */
	};
	rootObject = 63C4BCEE25B5B19500B4C6E2 /* Project object */;
}
