// !$*UTF8*$!
{
	archiveVersion = 1;
	classes = {
	};
	objectVersion = 50;
	objects = {

/* Begin PBXBuildFile section */
		63322A4225CAE1A7006C7A2D /* MPVolumeView.swift in Sources */ = {isa = PBXBuildFile; fileRef = 63322A4125CAE1A7006C7A2D /* MPVolumeView.swift */; };
		63322A4525CAEFFE006C7A2D /* DateExtension.swift in Sources */ = {isa = PBXBuildFile; fileRef = 63322A4425CAEFFE006C7A2D /* DateExtension.swift */; };
		63901DD425B74FE8002B3A33 /* HomeModel.swift in Sources */ = {isa = PBXBuildFile; fileRef = 63901DD325B74FE8002B3A33 /* HomeModel.swift */; };
		63901DDA25BC7A12002B3A33 /* WeatherData.swift in Sources */ = {isa = PBXBuildFile; fileRef = 63901DD925BC7A12002B3A33 /* WeatherData.swift */; };
		63901DDF25BC7B45002B3A33 /* SettingsView.swift in Sources */ = {isa = PBXBuildFile; fileRef = 63901DDE25BC7B45002B3A33 /* SettingsView.swift */; };
		63901DE625BC7DA1002B3A33 /* HomeView.swift in Sources */ = {isa = PBXBuildFile; fileRef = 63901DE525BC7DA1002B3A33 /* HomeView.swift */; };
		63901DEA25BC8F7F002B3A33 /* FantasyVillage.mp3 in Resources */ = {isa = PBXBuildFile; fileRef = 63901DE925BC8F7F002B3A33 /* FantasyVillage.mp3 */; };
		63C4BCFA25B5B19500B4C6E2 /* DawnLightApp.swift in Sources */ = {isa = PBXBuildFile; fileRef = 63C4BCF925B5B19500B4C6E2 /* DawnLightApp.swift */; };
		63C4BCFC25B5B19500B4C6E2 /* MainView.swift in Sources */ = {isa = PBXBuildFile; fileRef = 63C4BCFB25B5B19500B4C6E2 /* MainView.swift */; };
		63C4BCFE25B5B19600B4C6E2 /* Assets.xcassets in Resources */ = {isa = PBXBuildFile; fileRef = 63C4BCFD25B5B19600B4C6E2 /* Assets.xcassets */; };
		63C4BD0125B5B19600B4C6E2 /* Preview Assets.xcassets in Resources */ = {isa = PBXBuildFile; fileRef = 63C4BD0025B5B19600B4C6E2 /* Preview Assets.xcassets */; };
		63C4BD1B25B5BA0600B4C6E2 /* LeftPad.swift in Sources */ = {isa = PBXBuildFile; fileRef = 63C4BD0F25B5BA0600B4C6E2 /* LeftPad.swift */; };
		63C4BD1C25B5BA0600B4C6E2 /* StringConstants.swift in Sources */ = {isa = PBXBuildFile; fileRef = 63C4BD1125B5BA0600B4C6E2 /* StringConstants.swift */; };
		63C4BD1D25B5BA0600B4C6E2 /* JSONDecoder.swift in Sources */ = {isa = PBXBuildFile; fileRef = 63C4BD1225B5BA0600B4C6E2 /* JSONDecoder.swift */; };
		63C4BD1E25B5BA0600B4C6E2 /* FloatExtension.swift in Sources */ = {isa = PBXBuildFile; fileRef = 63C4BD1425B5BA0600B4C6E2 /* FloatExtension.swift */; };
		63C4BD1F25B5BA0600B4C6E2 /* PaddingLeft.swift in Sources */ = {isa = PBXBuildFile; fileRef = 63C4BD1525B5BA0600B4C6E2 /* PaddingLeft.swift */; };
		63C4BD2025B5BA0600B4C6E2 /* ColorExtension.swift in Sources */ = {isa = PBXBuildFile; fileRef = 63C4BD1625B5BA0600B4C6E2 /* ColorExtension.swift */; };
		63C4BD2125B5BA0600B4C6E2 /* Notifications.swift in Sources */ = {isa = PBXBuildFile; fileRef = 63C4BD1725B5BA0600B4C6E2 /* Notifications.swift */; };
		63C4BD2225B5BA0600B4C6E2 /* CoreData.swift in Sources */ = {isa = PBXBuildFile; fileRef = 63C4BD1825B5BA0600B4C6E2 /* CoreData.swift */; };
		63C4BD2325B5BA0600B4C6E2 /* CGFunctions.swift in Sources */ = {isa = PBXBuildFile; fileRef = 63C4BD1925B5BA0600B4C6E2 /* CGFunctions.swift */; };
		63C4BD2425B5BA0600B4C6E2 /* TimeInterval.swift in Sources */ = {isa = PBXBuildFile; fileRef = 63C4BD1A25B5BA0600B4C6E2 /* TimeInterval.swift */; };
		63C4BD2925B5BA3A00B4C6E2 /* CapsuleButtonStyle.swift in Sources */ = {isa = PBXBuildFile; fileRef = 63C4BD2825B5BA3A00B4C6E2 /* CapsuleButtonStyle.swift */; };
		63C4BD2C25B5BD6B00B4C6E2 /* HomeViewModel.swift in Sources */ = {isa = PBXBuildFile; fileRef = 63C4BD2B25B5BD6B00B4C6E2 /* HomeViewModel.swift */; };
		63C4BD2F25B5CB7A00B4C6E2 /* LocationViewModel.swift in Sources */ = {isa = PBXBuildFile; fileRef = 63C4BD2E25B5CB7A00B4C6E2 /* LocationViewModel.swift */; };
		63C4BD3325B5D7D600B4C6E2 /* WeatherAPI.swift in Sources */ = {isa = PBXBuildFile; fileRef = 63C4BD3225B5D7D600B4C6E2 /* WeatherAPI.swift */; };
/* End PBXBuildFile section */

/* Begin PBXFileReference section */
		63322A4125CAE1A7006C7A2D /* MPVolumeView.swift */ = {isa = PBXFileReference; lastKnownFileType = sourcecode.swift; path = MPVolumeView.swift; sourceTree = "<group>"; };
		63322A4425CAEFFE006C7A2D /* DateExtension.swift */ = {isa = PBXFileReference; lastKnownFileType = sourcecode.swift; path = DateExtension.swift; sourceTree = "<group>"; };
		63901DD325B74FE8002B3A33 /* HomeModel.swift */ = {isa = PBXFileReference; lastKnownFileType = sourcecode.swift; path = HomeModel.swift; sourceTree = "<group>"; };
		63901DD925BC7A12002B3A33 /* WeatherData.swift */ = {isa = PBXFileReference; lastKnownFileType = sourcecode.swift; path = WeatherData.swift; sourceTree = "<group>"; };
		63901DDE25BC7B45002B3A33 /* SettingsView.swift */ = {isa = PBXFileReference; lastKnownFileType = sourcecode.swift; path = SettingsView.swift; sourceTree = "<group>"; };
		63901DE525BC7DA1002B3A33 /* HomeView.swift */ = {isa = PBXFileReference; lastKnownFileType = sourcecode.swift; path = HomeView.swift; sourceTree = "<group>"; };
		63901DE925BC8F7F002B3A33 /* FantasyVillage.mp3 */ = {isa = PBXFileReference; lastKnownFileType = audio.mp3; path = FantasyVillage.mp3; sourceTree = "<group>"; };
		63C4BCF625B5B19500B4C6E2 /* DawnLight.app */ = {isa = PBXFileReference; explicitFileType = wrapper.application; includeInIndex = 0; path = DawnLight.app; sourceTree = BUILT_PRODUCTS_DIR; };
		63C4BCF925B5B19500B4C6E2 /* DawnLightApp.swift */ = {isa = PBXFileReference; lastKnownFileType = sourcecode.swift; path = DawnLightApp.swift; sourceTree = "<group>"; };
		63C4BCFB25B5B19500B4C6E2 /* MainView.swift */ = {isa = PBXFileReference; lastKnownFileType = sourcecode.swift; path = MainView.swift; sourceTree = "<group>"; };
		63C4BCFD25B5B19600B4C6E2 /* Assets.xcassets */ = {isa = PBXFileReference; lastKnownFileType = folder.assetcatalog; path = Assets.xcassets; sourceTree = "<group>"; };
		63C4BD0025B5B19600B4C6E2 /* Preview Assets.xcassets */ = {isa = PBXFileReference; lastKnownFileType = folder.assetcatalog; path = "Preview Assets.xcassets"; sourceTree = "<group>"; };
		63C4BD0225B5B19600B4C6E2 /* Info.plist */ = {isa = PBXFileReference; lastKnownFileType = text.plist.xml; path = Info.plist; sourceTree = "<group>"; };
		63C4BD0F25B5BA0600B4C6E2 /* LeftPad.swift */ = {isa = PBXFileReference; fileEncoding = 4; lastKnownFileType = sourcecode.swift; path = LeftPad.swift; sourceTree = "<group>"; };
		63C4BD1125B5BA0600B4C6E2 /* StringConstants.swift */ = {isa = PBXFileReference; fileEncoding = 4; lastKnownFileType = sourcecode.swift; path = StringConstants.swift; sourceTree = "<group>"; };
		63C4BD1225B5BA0600B4C6E2 /* JSONDecoder.swift */ = {isa = PBXFileReference; fileEncoding = 4; lastKnownFileType = sourcecode.swift; path = JSONDecoder.swift; sourceTree = "<group>"; };
		63C4BD1425B5BA0600B4C6E2 /* FloatExtension.swift */ = {isa = PBXFileReference; fileEncoding = 4; lastKnownFileType = sourcecode.swift; path = FloatExtension.swift; sourceTree = "<group>"; };
		63C4BD1525B5BA0600B4C6E2 /* PaddingLeft.swift */ = {isa = PBXFileReference; fileEncoding = 4; lastKnownFileType = sourcecode.swift; path = PaddingLeft.swift; sourceTree = "<group>"; };
		63C4BD1625B5BA0600B4C6E2 /* ColorExtension.swift */ = {isa = PBXFileReference; fileEncoding = 4; lastKnownFileType = sourcecode.swift; path = ColorExtension.swift; sourceTree = "<group>"; };
		63C4BD1725B5BA0600B4C6E2 /* Notifications.swift */ = {isa = PBXFileReference; fileEncoding = 4; lastKnownFileType = sourcecode.swift; path = Notifications.swift; sourceTree = "<group>"; };
		63C4BD1825B5BA0600B4C6E2 /* CoreData.swift */ = {isa = PBXFileReference; fileEncoding = 4; lastKnownFileType = sourcecode.swift; path = CoreData.swift; sourceTree = "<group>"; };
		63C4BD1925B5BA0600B4C6E2 /* CGFunctions.swift */ = {isa = PBXFileReference; fileEncoding = 4; lastKnownFileType = sourcecode.swift; path = CGFunctions.swift; sourceTree = "<group>"; };
		63C4BD1A25B5BA0600B4C6E2 /* TimeInterval.swift */ = {isa = PBXFileReference; fileEncoding = 4; lastKnownFileType = sourcecode.swift; path = TimeInterval.swift; sourceTree = "<group>"; };
		63C4BD2825B5BA3A00B4C6E2 /* CapsuleButtonStyle.swift */ = {isa = PBXFileReference; lastKnownFileType = sourcecode.swift; path = CapsuleButtonStyle.swift; sourceTree = "<group>"; };
		63C4BD2B25B5BD6B00B4C6E2 /* HomeViewModel.swift */ = {isa = PBXFileReference; lastKnownFileType = sourcecode.swift; path = HomeViewModel.swift; sourceTree = "<group>"; };
		63C4BD2E25B5CB7A00B4C6E2 /* LocationViewModel.swift */ = {isa = PBXFileReference; lastKnownFileType = sourcecode.swift; path = LocationViewModel.swift; sourceTree = "<group>"; };
		63C4BD3225B5D7D600B4C6E2 /* WeatherAPI.swift */ = {isa = PBXFileReference; lastKnownFileType = sourcecode.swift; path = WeatherAPI.swift; sourceTree = "<group>"; };
/* End PBXFileReference section */

/* Begin PBXFrameworksBuildPhase section */
		63C4BCF325B5B19500B4C6E2 /* Frameworks */ = {
			isa = PBXFrameworksBuildPhase;
			buildActionMask = 2147483647;
			files = (
			);
			runOnlyForDeploymentPostprocessing = 0;
		};
/* End PBXFrameworksBuildPhase section */

/* Begin PBXGroup section */
		63901DD825BC7A00002B3A33 /* Data models */ = {
			isa = PBXGroup;
			children = (
				63901DD925BC7A12002B3A33 /* WeatherData.swift */,
			);
			path = "Data models";
			sourceTree = "<group>";
		};
		63901DDD25BC7B14002B3A33 /* Screens */ = {
			isa = PBXGroup;
			children = (
				63901DDE25BC7B45002B3A33 /* SettingsView.swift */,
				63901DE525BC7DA1002B3A33 /* HomeView.swift */,
			);
			path = Screens;
			sourceTree = "<group>";
		};
		63C4BCED25B5B19500B4C6E2 = {
			isa = PBXGroup;
			children = (
				63C4BCF825B5B19500B4C6E2 /* DawnLight */,
				63C4BCF725B5B19500B4C6E2 /* Products */,
			);
			sourceTree = "<group>";
		};
		63C4BCF725B5B19500B4C6E2 /* Products */ = {
			isa = PBXGroup;
			children = (
				63C4BCF625B5B19500B4C6E2 /* DawnLight.app */,
			);
			name = Products;
			sourceTree = "<group>";
		};
		63C4BCF825B5B19500B4C6E2 /* DawnLight */ = {
			isa = PBXGroup;
			children = (
				63901DDD25BC7B14002B3A33 /* Screens */,
				63901DD825BC7A00002B3A33 /* Data models */,
				63C4BD3125B5D7CC00B4C6E2 /* APIs */,
				63C4BD0C25B5B23F00B4C6E2 /* ViewModels */,
				63C4BD0B25B5B23900B4C6E2 /* Models */,
				63C4BCF925B5B19500B4C6E2 /* DawnLightApp.swift */,
				63C4BCFB25B5B19500B4C6E2 /* MainView.swift */,
				63C4BCFD25B5B19600B4C6E2 /* Assets.xcassets */,
				63C4BD0225B5B19600B4C6E2 /* Info.plist */,
				63901DE925BC8F7F002B3A33 /* FantasyVillage.mp3 */,
				63C4BD2625B5BA1400B4C6E2 /* Styles */,
				63C4BD0E25B5BA0600B4C6E2 /* Shared */,
				63C4BCFF25B5B19600B4C6E2 /* Preview Content */,
			);
			path = DawnLight;
			sourceTree = "<group>";
		};
		63C4BCFF25B5B19600B4C6E2 /* Preview Content */ = {
			isa = PBXGroup;
			children = (
				63C4BD0025B5B19600B4C6E2 /* Preview Assets.xcassets */,
			);
			path = "Preview Content";
			sourceTree = "<group>";
		};
		63C4BD0B25B5B23900B4C6E2 /* Models */ = {
			isa = PBXGroup;
			children = (
				63901DD325B74FE8002B3A33 /* HomeModel.swift */,
			);
			path = Models;
			sourceTree = "<group>";
		};
		63C4BD0C25B5B23F00B4C6E2 /* ViewModels */ = {
			isa = PBXGroup;
			children = (
				63C4BD2B25B5BD6B00B4C6E2 /* HomeViewModel.swift */,
				63C4BD2E25B5CB7A00B4C6E2 /* LocationViewModel.swift */,
			);
			path = ViewModels;
			sourceTree = "<group>";
		};
		63C4BD0E25B5BA0600B4C6E2 /* Shared */ = {
			isa = PBXGroup;
			children = (
				63C4BD1025B5BA0600B4C6E2 /* Constants */,
				63C4BD1325B5BA0600B4C6E2 /* Extensions */,
				63C4BD0F25B5BA0600B4C6E2 /* LeftPad.swift */,
				63C4BD1225B5BA0600B4C6E2 /* JSONDecoder.swift */,
				63C4BD1725B5BA0600B4C6E2 /* Notifications.swift */,
				63C4BD1825B5BA0600B4C6E2 /* CoreData.swift */,
				63C4BD1925B5BA0600B4C6E2 /* CGFunctions.swift */,
				63C4BD1A25B5BA0600B4C6E2 /* TimeInterval.swift */,
			);
			path = Shared;
			sourceTree = "<group>";
		};
		63C4BD1025B5BA0600B4C6E2 /* Constants */ = {
			isa = PBXGroup;
			children = (
				63C4BD1125B5BA0600B4C6E2 /* StringConstants.swift */,
			);
			path = Constants;
			sourceTree = "<group>";
		};
		63C4BD1325B5BA0600B4C6E2 /* Extensions */ = {
			isa = PBXGroup;
			children = (
				63C4BD1425B5BA0600B4C6E2 /* FloatExtension.swift */,
				63C4BD1525B5BA0600B4C6E2 /* PaddingLeft.swift */,
				63C4BD1625B5BA0600B4C6E2 /* ColorExtension.swift */,
				63322A4125CAE1A7006C7A2D /* MPVolumeView.swift */,
				63322A4425CAEFFE006C7A2D /* DateExtension.swift */,
			);
			path = Extensions;
			sourceTree = "<group>";
		};
		63C4BD2625B5BA1400B4C6E2 /* Styles */ = {
			isa = PBXGroup;
			children = (
				63C4BD2725B5BA2300B4C6E2 /* ButtonStyles */,
			);
			path = Styles;
			sourceTree = "<group>";
		};
		63C4BD2725B5BA2300B4C6E2 /* ButtonStyles */ = {
			isa = PBXGroup;
			children = (
				63C4BD2825B5BA3A00B4C6E2 /* CapsuleButtonStyle.swift */,
			);
			path = ButtonStyles;
			sourceTree = "<group>";
		};
		63C4BD3125B5D7CC00B4C6E2 /* APIs */ = {
			isa = PBXGroup;
			children = (
				63C4BD3225B5D7D600B4C6E2 /* WeatherAPI.swift */,
			);
			path = APIs;
			sourceTree = "<group>";
		};
/* End PBXGroup section */

/* Begin PBXNativeTarget section */
		63C4BCF525B5B19500B4C6E2 /* DawnLight */ = {
			isa = PBXNativeTarget;
			buildConfigurationList = 63C4BD0525B5B19600B4C6E2 /* Build configuration list for PBXNativeTarget "DawnLight" */;
			buildPhases = (
				63C4BCF225B5B19500B4C6E2 /* Sources */,
				63C4BCF325B5B19500B4C6E2 /* Frameworks */,
				63C4BCF425B5B19500B4C6E2 /* Resources */,
			);
			buildRules = (
			);
			dependencies = (
			);
			name = DawnLight;
			productName = DawnLight;
			productReference = 63C4BCF625B5B19500B4C6E2 /* DawnLight.app */;
			productType = "com.apple.product-type.application";
		};
/* End PBXNativeTarget section */

/* Begin PBXProject section */
		63C4BCEE25B5B19500B4C6E2 /* Project object */ = {
			isa = PBXProject;
			attributes = {
				LastSwiftUpdateCheck = 1230;
				LastUpgradeCheck = 1230;
				TargetAttributes = {
					63C4BCF525B5B19500B4C6E2 = {
						CreatedOnToolsVersion = 12.3;
					};
				};
			};
			buildConfigurationList = 63C4BCF125B5B19500B4C6E2 /* Build configuration list for PBXProject "DawnLight" */;
			compatibilityVersion = "Xcode 9.3";
			developmentRegion = en;
			hasScannedForEncodings = 0;
			knownRegions = (
				en,
				Base,
			);
			mainGroup = 63C4BCED25B5B19500B4C6E2;
			productRefGroup = 63C4BCF725B5B19500B4C6E2 /* Products */;
			projectDirPath = "";
			projectRoot = "";
			targets = (
				63C4BCF525B5B19500B4C6E2 /* DawnLight */,
			);
		};
/* End PBXProject section */

/* Begin PBXResourcesBuildPhase section */
		63C4BCF425B5B19500B4C6E2 /* Resources */ = {
			isa = PBXResourcesBuildPhase;
			buildActionMask = 2147483647;
			files = (
				63C4BD0125B5B19600B4C6E2 /* Preview Assets.xcassets in Resources */,
				63901DEA25BC8F7F002B3A33 /* FantasyVillage.mp3 in Resources */,
				63C4BCFE25B5B19600B4C6E2 /* Assets.xcassets in Resources */,
			);
			runOnlyForDeploymentPostprocessing = 0;
		};
/* End PBXResourcesBuildPhase section */

/* Begin PBXSourcesBuildPhase section */
		63C4BCF225B5B19500B4C6E2 /* Sources */ = {
			isa = PBXSourcesBuildPhase;
			buildActionMask = 2147483647;
			files = (
				63C4BD1C25B5BA0600B4C6E2 /* StringConstants.swift in Sources */,
				63322A4225CAE1A7006C7A2D /* MPVolumeView.swift in Sources */,
				63C4BD2425B5BA0600B4C6E2 /* TimeInterval.swift in Sources */,
				63C4BD2325B5BA0600B4C6E2 /* CGFunctions.swift in Sources */,
				63C4BD1B25B5BA0600B4C6E2 /* LeftPad.swift in Sources */,
				63C4BD1F25B5BA0600B4C6E2 /* PaddingLeft.swift in Sources */,
				63C4BD3325B5D7D600B4C6E2 /* WeatherAPI.swift in Sources */,
				63C4BD2125B5BA0600B4C6E2 /* Notifications.swift in Sources */,
				63C4BD2225B5BA0600B4C6E2 /* CoreData.swift in Sources */,
				63C4BD2C25B5BD6B00B4C6E2 /* HomeViewModel.swift in Sources */,
				63C4BD2025B5BA0600B4C6E2 /* ColorExtension.swift in Sources */,
				63C4BD1E25B5BA0600B4C6E2 /* FloatExtension.swift in Sources */,
				63901DD425B74FE8002B3A33 /* HomeModel.swift in Sources */,
				63C4BD1D25B5BA0600B4C6E2 /* JSONDecoder.swift in Sources */,
				63322A4525CAEFFE006C7A2D /* DateExtension.swift in Sources */,
				63C4BCFC25B5B19500B4C6E2 /* MainView.swift in Sources */,
				63901DE625BC7DA1002B3A33 /* HomeView.swift in Sources */,
				63C4BCFA25B5B19500B4C6E2 /* DawnLightApp.swift in Sources */,
				63C4BD2F25B5CB7A00B4C6E2 /* LocationViewModel.swift in Sources */,
				63901DDA25BC7A12002B3A33 /* WeatherData.swift in Sources */,
				63C4BD2925B5BA3A00B4C6E2 /* CapsuleButtonStyle.swift in Sources */,
				63901DDF25BC7B45002B3A33 /* SettingsView.swift in Sources */,
			);
			runOnlyForDeploymentPostprocessing = 0;
		};
/* End PBXSourcesBuildPhase section */

/* Begin XCBuildConfiguration section */
		63C4BD0325B5B19600B4C6E2 /* Debug */ = {
			isa = XCBuildConfiguration;
			buildSettings = {
				ALWAYS_SEARCH_USER_PATHS = NO;
				CLANG_ANALYZER_NONNULL = YES;
				CLANG_ANALYZER_NUMBER_OBJECT_CONVERSION = YES_AGGRESSIVE;
				CLANG_CXX_LANGUAGE_STANDARD = "gnu++14";
				CLANG_CXX_LIBRARY = "libc++";
				CLANG_ENABLE_MODULES = YES;
				CLANG_ENABLE_OBJC_ARC = YES;
				CLANG_ENABLE_OBJC_WEAK = YES;
				CLANG_WARN_BLOCK_CAPTURE_AUTORELEASING = YES;
				CLANG_WARN_BOOL_CONVERSION = YES;
				CLANG_WARN_COMMA = YES;
				CLANG_WARN_CONSTANT_CONVERSION = YES;
				CLANG_WARN_DEPRECATED_OBJC_IMPLEMENTATIONS = YES;
				CLANG_WARN_DIRECT_OBJC_ISA_USAGE = YES_ERROR;
				CLANG_WARN_DOCUMENTATION_COMMENTS = YES;
				CLANG_WARN_EMPTY_BODY = YES;
				CLANG_WARN_ENUM_CONVERSION = YES;
				CLANG_WARN_INFINITE_RECURSION = YES;
				CLANG_WARN_INT_CONVERSION = YES;
				CLANG_WARN_NON_LITERAL_NULL_CONVERSION = YES;
				CLANG_WARN_OBJC_IMPLICIT_RETAIN_SELF = YES;
				CLANG_WARN_OBJC_LITERAL_CONVERSION = YES;
				CLANG_WARN_OBJC_ROOT_CLASS = YES_ERROR;
				CLANG_WARN_QUOTED_INCLUDE_IN_FRAMEWORK_HEADER = YES;
				CLANG_WARN_RANGE_LOOP_ANALYSIS = YES;
				CLANG_WARN_STRICT_PROTOTYPES = YES;
				CLANG_WARN_SUSPICIOUS_MOVE = YES;
				CLANG_WARN_UNGUARDED_AVAILABILITY = YES_AGGRESSIVE;
				CLANG_WARN_UNREACHABLE_CODE = YES;
				CLANG_WARN__DUPLICATE_METHOD_MATCH = YES;
				COPY_PHASE_STRIP = NO;
				DEBUG_INFORMATION_FORMAT = dwarf;
				ENABLE_STRICT_OBJC_MSGSEND = YES;
				ENABLE_TESTABILITY = YES;
				GCC_C_LANGUAGE_STANDARD = gnu11;
				GCC_DYNAMIC_NO_PIC = NO;
				GCC_NO_COMMON_BLOCKS = YES;
				GCC_OPTIMIZATION_LEVEL = 0;
				GCC_PREPROCESSOR_DEFINITIONS = (
					"DEBUG=1",
					"$(inherited)",
				);
				GCC_WARN_64_TO_32_BIT_CONVERSION = YES;
				GCC_WARN_ABOUT_RETURN_TYPE = YES_ERROR;
				GCC_WARN_UNDECLARED_SELECTOR = YES;
				GCC_WARN_UNINITIALIZED_AUTOS = YES_AGGRESSIVE;
				GCC_WARN_UNUSED_FUNCTION = YES;
				GCC_WARN_UNUSED_VARIABLE = YES;
				IPHONEOS_DEPLOYMENT_TARGET = 14.3;
				MTL_ENABLE_DEBUG_INFO = INCLUDE_SOURCE;
				MTL_FAST_MATH = YES;
				ONLY_ACTIVE_ARCH = YES;
				SDKROOT = iphoneos;
				SWIFT_ACTIVE_COMPILATION_CONDITIONS = DEBUG;
				SWIFT_OPTIMIZATION_LEVEL = "-Onone";
			};
			name = Debug;
		};
		63C4BD0425B5B19600B4C6E2 /* Release */ = {
			isa = XCBuildConfiguration;
			buildSettings = {
				ALWAYS_SEARCH_USER_PATHS = NO;
				CLANG_ANALYZER_NONNULL = YES;
				CLANG_ANALYZER_NUMBER_OBJECT_CONVERSION = YES_AGGRESSIVE;
				CLANG_CXX_LANGUAGE_STANDARD = "gnu++14";
				CLANG_CXX_LIBRARY = "libc++";
				CLANG_ENABLE_MODULES = YES;
				CLANG_ENABLE_OBJC_ARC = YES;
				CLANG_ENABLE_OBJC_WEAK = YES;
				CLANG_WARN_BLOCK_CAPTURE_AUTORELEASING = YES;
				CLANG_WARN_BOOL_CONVERSION = YES;
				CLANG_WARN_COMMA = YES;
				CLANG_WARN_CONSTANT_CONVERSION = YES;
				CLANG_WARN_DEPRECATED_OBJC_IMPLEMENTATIONS = YES;
				CLANG_WARN_DIRECT_OBJC_ISA_USAGE = YES_ERROR;
				CLANG_WARN_DOCUMENTATION_COMMENTS = YES;
				CLANG_WARN_EMPTY_BODY = YES;
				CLANG_WARN_ENUM_CONVERSION = YES;
				CLANG_WARN_INFINITE_RECURSION = YES;
				CLANG_WARN_INT_CONVERSION = YES;
				CLANG_WARN_NON_LITERAL_NULL_CONVERSION = YES;
				CLANG_WARN_OBJC_IMPLICIT_RETAIN_SELF = YES;
				CLANG_WARN_OBJC_LITERAL_CONVERSION = YES;
				CLANG_WARN_OBJC_ROOT_CLASS = YES_ERROR;
				CLANG_WARN_QUOTED_INCLUDE_IN_FRAMEWORK_HEADER = YES;
				CLANG_WARN_RANGE_LOOP_ANALYSIS = YES;
				CLANG_WARN_STRICT_PROTOTYPES = YES;
				CLANG_WARN_SUSPICIOUS_MOVE = YES;
				CLANG_WARN_UNGUARDED_AVAILABILITY = YES_AGGRESSIVE;
				CLANG_WARN_UNREACHABLE_CODE = YES;
				CLANG_WARN__DUPLICATE_METHOD_MATCH = YES;
				COPY_PHASE_STRIP = NO;
				DEBUG_INFORMATION_FORMAT = "dwarf-with-dsym";
				ENABLE_NS_ASSERTIONS = NO;
				ENABLE_STRICT_OBJC_MSGSEND = YES;
				GCC_C_LANGUAGE_STANDARD = gnu11;
				GCC_NO_COMMON_BLOCKS = YES;
				GCC_WARN_64_TO_32_BIT_CONVERSION = YES;
				GCC_WARN_ABOUT_RETURN_TYPE = YES_ERROR;
				GCC_WARN_UNDECLARED_SELECTOR = YES;
				GCC_WARN_UNINITIALIZED_AUTOS = YES_AGGRESSIVE;
				GCC_WARN_UNUSED_FUNCTION = YES;
				GCC_WARN_UNUSED_VARIABLE = YES;
				IPHONEOS_DEPLOYMENT_TARGET = 14.3;
				MTL_ENABLE_DEBUG_INFO = NO;
				MTL_FAST_MATH = YES;
				SDKROOT = iphoneos;
				SWIFT_COMPILATION_MODE = wholemodule;
				SWIFT_OPTIMIZATION_LEVEL = "-O";
				VALIDATE_PRODUCT = YES;
			};
			name = Release;
		};
		63C4BD0625B5B19600B4C6E2 /* Debug */ = {
			isa = XCBuildConfiguration;
			buildSettings = {
				ASSETCATALOG_COMPILER_APPICON_NAME = AppIcon;
				ASSETCATALOG_COMPILER_GLOBAL_ACCENT_COLOR_NAME = AccentColor;
				CODE_SIGN_STYLE = Automatic;
				DEVELOPMENT_ASSET_PATHS = "\"DawnLight/Preview Content\"";
				DEVELOPMENT_TEAM = 45Z42MYT8F;
				ENABLE_PREVIEWS = YES;
				INFOPLIST_FILE = DawnLight/Info.plist;
				IPHONEOS_DEPLOYMENT_TARGET = 14.0;
				LD_RUNPATH_SEARCH_PATHS = (
					"$(inherited)",
					"@executable_path/Frameworks",
				);
				MARKETING_VERSION = 0.1;
				PRODUCT_BUNDLE_IDENTIFIER = com.vaclavikmartin.DawnLight;
				PRODUCT_NAME = "$(TARGET_NAME)";
				SWIFT_VERSION = 5.0;
				TARGETED_DEVICE_FAMILY = 1;
			};
			name = Debug;
		};
		63C4BD0725B5B19600B4C6E2 /* Release */ = {
			isa = XCBuildConfiguration;
			buildSettings = {
				ASSETCATALOG_COMPILER_APPICON_NAME = AppIcon;
				ASSETCATALOG_COMPILER_GLOBAL_ACCENT_COLOR_NAME = AccentColor;
				CODE_SIGN_STYLE = Automatic;
				DEVELOPMENT_ASSET_PATHS = "\"DawnLight/Preview Content\"";
				DEVELOPMENT_TEAM = 45Z42MYT8F;
				ENABLE_PREVIEWS = YES;
				INFOPLIST_FILE = DawnLight/Info.plist;
				IPHONEOS_DEPLOYMENT_TARGET = 14.0;
				LD_RUNPATH_SEARCH_PATHS = (
					"$(inherited)",
					"@executable_path/Frameworks",
				);
				MARKETING_VERSION = 0.1;
				PRODUCT_BUNDLE_IDENTIFIER = com.vaclavikmartin.DawnLight;
				PRODUCT_NAME = "$(TARGET_NAME)";
				SWIFT_VERSION = 5.0;
				TARGETED_DEVICE_FAMILY = 1;
			};
			name = Release;
		};
/* End XCBuildConfiguration section */

/* Begin XCConfigurationList section */
		63C4BCF125B5B19500B4C6E2 /* Build configuration list for PBXProject "DawnLight" */ = {
			isa = XCConfigurationList;
			buildConfigurations = (
				63C4BD0325B5B19600B4C6E2 /* Debug */,
				63C4BD0425B5B19600B4C6E2 /* Release */,
			);
			defaultConfigurationIsVisible = 0;
			defaultConfigurationName = Release;
		};
		63C4BD0525B5B19600B4C6E2 /* Build configuration list for PBXNativeTarget "DawnLight" */ = {
			isa = XCConfigurationList;
			buildConfigurations = (
				63C4BD0625B5B19600B4C6E2 /* Debug */,
				63C4BD0725B5B19600B4C6E2 /* Release */,
			);
			defaultConfigurationIsVisible = 0;
			defaultConfigurationName = Release;
		};
/* End XCConfigurationList section */
	};
	rootObject = 63C4BCEE25B5B19500B4C6E2 /* Project object */;
}
